// !$*UTF8*$!
{
	archiveVersion = 1;
	classes = {
	};
	objectVersion = 56;
	objects = {

/* Begin PBXBuildFile section */
		EC2AE92B2D0F6D8200312BE1 /* OnboardingFlowApp.swift in Sources */ = {isa = PBXBuildFile; fileRef = EC2AE92A2D0F6D8200312BE1 /* OnboardingFlowApp.swift */; };
		EC2AE92D2D0F6D8200312BE1 /* ContentView.swift in Sources */ = {isa = PBXBuildFile; fileRef = EC2AE92C2D0F6D8200312BE1 /* ContentView.swift */; };
		EC2AE92F2D0F6D8400312BE1 /* Assets.xcassets in Resources */ = {isa = PBXBuildFile; fileRef = EC2AE92E2D0F6D8400312BE1 /* Assets.xcassets */; };
		EC2AE9322D0F6D8400312BE1 /* Preview Assets.xcassets in Resources */ = {isa = PBXBuildFile; fileRef = EC2AE9312D0F6D8400312BE1 /* Preview Assets.xcassets */; };
		EC2AE93C2D0F6D8400312BE1 /* OnboardingFlowTests.swift in Sources */ = {isa = PBXBuildFile; fileRef = EC2AE93B2D0F6D8400312BE1 /* OnboardingFlowTests.swift */; };
		EC2AE9462D0F6D8400312BE1 /* OnboardingFlowUITests.swift in Sources */ = {isa = PBXBuildFile; fileRef = EC2AE9452D0F6D8400312BE1 /* OnboardingFlowUITests.swift */; };
		EC2AE9482D0F6D8400312BE1 /* OnboardingFlowUITestsLaunchTests.swift in Sources */ = {isa = PBXBuildFile; fileRef = EC2AE9472D0F6D8400312BE1 /* OnboardingFlowUITestsLaunchTests.swift */; };
		EC2AE9552D0F6DCC00312BE1 /* WelcomePage.swift in Sources */ = {isa = PBXBuildFile; fileRef = EC2AE9542D0F6DCC00312BE1 /* WelcomePage.swift */; };
		EC2AE9572D0F6E8A00312BE1 /* FeaturesPage.swift in Sources */ = {isa = PBXBuildFile; fileRef = EC2AE9562D0F6E8A00312BE1 /* FeaturesPage.swift */; };
/* End PBXBuildFile section */

/* Begin PBXContainerItemProxy section */
		EC2AE9382D0F6D8400312BE1 /* PBXContainerItemProxy */ = {
			isa = PBXContainerItemProxy;
			containerPortal = EC2AE91F2D0F6D8200312BE1 /* Project object */;
			proxyType = 1;
			remoteGlobalIDString = EC2AE9262D0F6D8200312BE1;
			remoteInfo = OnboardingFlow;
		};
		EC2AE9422D0F6D8400312BE1 /* PBXContainerItemProxy */ = {
			isa = PBXContainerItemProxy;
			containerPortal = EC2AE91F2D0F6D8200312BE1 /* Project object */;
			proxyType = 1;
			remoteGlobalIDString = EC2AE9262D0F6D8200312BE1;
			remoteInfo = OnboardingFlow;
		};
/* End PBXContainerItemProxy section */

/* Begin PBXFileReference section */
		EC2AE9272D0F6D8200312BE1 /* OnboardingFlow.app */ = {isa = PBXFileReference; explicitFileType = wrapper.application; includeInIndex = 0; path = OnboardingFlow.app; sourceTree = BUILT_PRODUCTS_DIR; };
		EC2AE92A2D0F6D8200312BE1 /* OnboardingFlowApp.swift */ = {isa = PBXFileReference; lastKnownFileType = sourcecode.swift; path = OnboardingFlowApp.swift; sourceTree = "<group>"; };
		EC2AE92C2D0F6D8200312BE1 /* ContentView.swift */ = {isa = PBXFileReference; lastKnownFileType = sourcecode.swift; path = ContentView.swift; sourceTree = "<group>"; };
		EC2AE92E2D0F6D8400312BE1 /* Assets.xcassets */ = {isa = PBXFileReference; lastKnownFileType = folder.assetcatalog; path = Assets.xcassets; sourceTree = "<group>"; };
		EC2AE9312D0F6D8400312BE1 /* Preview Assets.xcassets */ = {isa = PBXFileReference; lastKnownFileType = folder.assetcatalog; path = "Preview Assets.xcassets"; sourceTree = "<group>"; };
		EC2AE9372D0F6D8400312BE1 /* OnboardingFlowTests.xctest */ = {isa = PBXFileReference; explicitFileType = wrapper.cfbundle; includeInIndex = 0; path = OnboardingFlowTests.xctest; sourceTree = BUILT_PRODUCTS_DIR; };
		EC2AE93B2D0F6D8400312BE1 /* OnboardingFlowTests.swift */ = {isa = PBXFileReference; lastKnownFileType = sourcecode.swift; path = OnboardingFlowTests.swift; sourceTree = "<group>"; };
		EC2AE9412D0F6D8400312BE1 /* OnboardingFlowUITests.xctest */ = {isa = PBXFileReference; explicitFileType = wrapper.cfbundle; includeInIndex = 0; path = OnboardingFlowUITests.xctest; sourceTree = BUILT_PRODUCTS_DIR; };
		EC2AE9452D0F6D8400312BE1 /* OnboardingFlowUITests.swift */ = {isa = PBXFileReference; lastKnownFileType = sourcecode.swift; path = OnboardingFlowUITests.swift; sourceTree = "<group>"; };
		EC2AE9472D0F6D8400312BE1 /* OnboardingFlowUITestsLaunchTests.swift */ = {isa = PBXFileReference; lastKnownFileType = sourcecode.swift; path = OnboardingFlowUITestsLaunchTests.swift; sourceTree = "<group>"; };
		EC2AE9542D0F6DCC00312BE1 /* WelcomePage.swift */ = {isa = PBXFileReference; lastKnownFileType = sourcecode.swift; path = WelcomePage.swift; sourceTree = "<group>"; };
		EC2AE9562D0F6E8A00312BE1 /* FeaturesPage.swift */ = {isa = PBXFileReference; lastKnownFileType = sourcecode.swift; path = FeaturesPage.swift; sourceTree = "<group>"; };
/* End PBXFileReference section */

/* Begin PBXFrameworksBuildPhase section */
		EC2AE9242D0F6D8200312BE1 /* Frameworks */ = {
			isa = PBXFrameworksBuildPhase;
			buildActionMask = 2147483647;
			files = (
			);
			runOnlyForDeploymentPostprocessing = 0;
		};
		EC2AE9342D0F6D8400312BE1 /* Frameworks */ = {
			isa = PBXFrameworksBuildPhase;
			buildActionMask = 2147483647;
			files = (
			);
			runOnlyForDeploymentPostprocessing = 0;
		};
		EC2AE93E2D0F6D8400312BE1 /* Frameworks */ = {
			isa = PBXFrameworksBuildPhase;
			buildActionMask = 2147483647;
			files = (
			);
			runOnlyForDeploymentPostprocessing = 0;
		};
/* End PBXFrameworksBuildPhase section */

/* Begin PBXGroup section */
		EC2AE91E2D0F6D8200312BE1 = {
			isa = PBXGroup;
			children = (
				EC2AE9292D0F6D8200312BE1 /* OnboardingFlow */,
				EC2AE93A2D0F6D8400312BE1 /* OnboardingFlowTests */,
				EC2AE9442D0F6D8400312BE1 /* OnboardingFlowUITests */,
				EC2AE9282D0F6D8200312BE1 /* Products */,
			);
			sourceTree = "<group>";
		};
		EC2AE9282D0F6D8200312BE1 /* Products */ = {
			isa = PBXGroup;
			children = (
				EC2AE9272D0F6D8200312BE1 /* OnboardingFlow.app */,
				EC2AE9372D0F6D8400312BE1 /* OnboardingFlowTests.xctest */,
				EC2AE9412D0F6D8400312BE1 /* OnboardingFlowUITests.xctest */,
			);
			name = Products;
			sourceTree = "<group>";
		};
		EC2AE9292D0F6D8200312BE1 /* OnboardingFlow */ = {
			isa = PBXGroup;
			children = (
				EC2AE92A2D0F6D8200312BE1 /* OnboardingFlowApp.swift */,
				EC2AE92C2D0F6D8200312BE1 /* ContentView.swift */,
				EC2AE92E2D0F6D8400312BE1 /* Assets.xcassets */,
				EC2AE9302D0F6D8400312BE1 /* Preview Content */,
				EC2AE9542D0F6DCC00312BE1 /* WelcomePage.swift */,
				EC2AE9562D0F6E8A00312BE1 /* FeaturesPage.swift */,
			);
			path = OnboardingFlow;
			sourceTree = "<group>";
		};
		EC2AE9302D0F6D8400312BE1 /* Preview Content */ = {
			isa = PBXGroup;
			children = (
				EC2AE9312D0F6D8400312BE1 /* Preview Assets.xcassets */,
			);
			path = "Preview Content";
			sourceTree = "<group>";
		};
		EC2AE93A2D0F6D8400312BE1 /* OnboardingFlowTests */ = {
			isa = PBXGroup;
			children = (
				EC2AE93B2D0F6D8400312BE1 /* OnboardingFlowTests.swift */,
			);
			path = OnboardingFlowTests;
			sourceTree = "<group>";
		};
		EC2AE9442D0F6D8400312BE1 /* OnboardingFlowUITests */ = {
			isa = PBXGroup;
			children = (
				EC2AE9452D0F6D8400312BE1 /* OnboardingFlowUITests.swift */,
				EC2AE9472D0F6D8400312BE1 /* OnboardingFlowUITestsLaunchTests.swift */,
			);
			path = OnboardingFlowUITests;
			sourceTree = "<group>";
		};
/* End PBXGroup section */

/* Begin PBXNativeTarget section */
		EC2AE9262D0F6D8200312BE1 /* OnboardingFlow */ = {
			isa = PBXNativeTarget;
			buildConfigurationList = EC2AE94B2D0F6D8400312BE1 /* Build configuration list for PBXNativeTarget "OnboardingFlow" */;
			buildPhases = (
				EC2AE9232D0F6D8200312BE1 /* Sources */,
				EC2AE9242D0F6D8200312BE1 /* Frameworks */,
				EC2AE9252D0F6D8200312BE1 /* Resources */,
			);
			buildRules = (
			);
			dependencies = (
			);
			name = OnboardingFlow;
			productName = OnboardingFlow;
			productReference = EC2AE9272D0F6D8200312BE1 /* OnboardingFlow.app */;
			productType = "com.apple.product-type.application";
		};
		EC2AE9362D0F6D8400312BE1 /* OnboardingFlowTests */ = {
			isa = PBXNativeTarget;
			buildConfigurationList = EC2AE94E2D0F6D8400312BE1 /* Build configuration list for PBXNativeTarget "OnboardingFlowTests" */;
			buildPhases = (
				EC2AE9332D0F6D8400312BE1 /* Sources */,
				EC2AE9342D0F6D8400312BE1 /* Frameworks */,
				EC2AE9352D0F6D8400312BE1 /* Resources */,
			);
			buildRules = (
			);
			dependencies = (
				EC2AE9392D0F6D8400312BE1 /* PBXTargetDependency */,
			);
			name = OnboardingFlowTests;
			productName = OnboardingFlowTests;
			productReference = EC2AE9372D0F6D8400312BE1 /* OnboardingFlowTests.xctest */;
			productType = "com.apple.product-type.bundle.unit-test";
		};
		EC2AE9402D0F6D8400312BE1 /* OnboardingFlowUITests */ = {
			isa = PBXNativeTarget;
			buildConfigurationList = EC2AE9512D0F6D8400312BE1 /* Build configuration list for PBXNativeTarget "OnboardingFlowUITests" */;
			buildPhases = (
				EC2AE93D2D0F6D8400312BE1 /* Sources */,
				EC2AE93E2D0F6D8400312BE1 /* Frameworks */,
				EC2AE93F2D0F6D8400312BE1 /* Resources */,
			);
			buildRules = (
			);
			dependencies = (
				EC2AE9432D0F6D8400312BE1 /* PBXTargetDependency */,
			);
			name = OnboardingFlowUITests;
			productName = OnboardingFlowUITests;
			productReference = EC2AE9412D0F6D8400312BE1 /* OnboardingFlowUITests.xctest */;
			productType = "com.apple.product-type.bundle.ui-testing";
		};
/* End PBXNativeTarget section */

/* Begin PBXProject section */
		EC2AE91F2D0F6D8200312BE1 /* Project object */ = {
			isa = PBXProject;
			attributes = {
				BuildIndependentTargetsInParallel = 1;
				LastSwiftUpdateCheck = 1540;
				LastUpgradeCheck = 1540;
				TargetAttributes = {
					EC2AE9262D0F6D8200312BE1 = {
						CreatedOnToolsVersion = 15.4;
					};
					EC2AE9362D0F6D8400312BE1 = {
						CreatedOnToolsVersion = 15.4;
						TestTargetID = EC2AE9262D0F6D8200312BE1;
					};
					EC2AE9402D0F6D8400312BE1 = {
						CreatedOnToolsVersion = 15.4;
						TestTargetID = EC2AE9262D0F6D8200312BE1;
					};
				};
			};
			buildConfigurationList = EC2AE9222D0F6D8200312BE1 /* Build configuration list for PBXProject "OnboardingFlow" */;
			compatibilityVersion = "Xcode 14.0";
			developmentRegion = en;
			hasScannedForEncodings = 0;
			knownRegions = (
				en,
				Base,
			);
			mainGroup = EC2AE91E2D0F6D8200312BE1;
			productRefGroup = EC2AE9282D0F6D8200312BE1 /* Products */;
			projectDirPath = "";
			projectRoot = "";
			targets = (
				EC2AE9262D0F6D8200312BE1 /* OnboardingFlow */,
				EC2AE9362D0F6D8400312BE1 /* OnboardingFlowTests */,
				EC2AE9402D0F6D8400312BE1 /* OnboardingFlowUITests */,
			);
		};
/* End PBXProject section */

/* Begin PBXResourcesBuildPhase section */
		EC2AE9252D0F6D8200312BE1 /* Resources */ = {
			isa = PBXResourcesBuildPhase;
			buildActionMask = 2147483647;
			files = (
				EC2AE9322D0F6D8400312BE1 /* Preview Assets.xcassets in Resources */,
				EC2AE92F2D0F6D8400312BE1 /* Assets.xcassets in Resources */,
			);
			runOnlyForDeploymentPostprocessing = 0;
		};
		EC2AE9352D0F6D8400312BE1 /* Resources */ = {
			isa = PBXResourcesBuildPhase;
			buildActionMask = 2147483647;
			files = (
			);
			runOnlyForDeploymentPostprocessing = 0;
		};
		EC2AE93F2D0F6D8400312BE1 /* Resources */ = {
			isa = PBXResourcesBuildPhase;
			buildActionMask = 2147483647;
			files = (
			);
			runOnlyForDeploymentPostprocessing = 0;
		};
/* End PBXResourcesBuildPhase section */

/* Begin PBXSourcesBuildPhase section */
		EC2AE9232D0F6D8200312BE1 /* Sources */ = {
			isa = PBXSourcesBuildPhase;
			buildActionMask = 2147483647;
			files = (
				EC2AE9552D0F6DCC00312BE1 /* WelcomePage.swift in Sources */,
				EC2AE9572D0F6E8A00312BE1 /* FeaturesPage.swift in Sources */,
				EC2AE92D2D0F6D8200312BE1 /* ContentView.swift in Sources */,
				EC2AE92B2D0F6D8200312BE1 /* OnboardingFlowApp.swift in Sources */,
			);
			runOnlyForDeploymentPostprocessing = 0;
		};
		EC2AE9332D0F6D8400312BE1 /* Sources */ = {
			isa = PBXSourcesBuildPhase;
			buildActionMask = 2147483647;
			files = (
				EC2AE93C2D0F6D8400312BE1 /* OnboardingFlowTests.swift in Sources */,
			);
			runOnlyForDeploymentPostprocessing = 0;
		};
		EC2AE93D2D0F6D8400312BE1 /* Sources */ = {
			isa = PBXSourcesBuildPhase;
			buildActionMask = 2147483647;
			files = (
				EC2AE9462D0F6D8400312BE1 /* OnboardingFlowUITests.swift in Sources */,
				EC2AE9482D0F6D8400312BE1 /* OnboardingFlowUITestsLaunchTests.swift in Sources */,
			);
			runOnlyForDeploymentPostprocessing = 0;
		};
/* End PBXSourcesBuildPhase section */

/* Begin PBXTargetDependency section */
		EC2AE9392D0F6D8400312BE1 /* PBXTargetDependency */ = {
			isa = PBXTargetDependency;
			target = EC2AE9262D0F6D8200312BE1 /* OnboardingFlow */;
			targetProxy = EC2AE9382D0F6D8400312BE1 /* PBXContainerItemProxy */;
		};
		EC2AE9432D0F6D8400312BE1 /* PBXTargetDependency */ = {
			isa = PBXTargetDependency;
			target = EC2AE9262D0F6D8200312BE1 /* OnboardingFlow */;
			targetProxy = EC2AE9422D0F6D8400312BE1 /* PBXContainerItemProxy */;
		};
/* End PBXTargetDependency section */

/* Begin XCBuildConfiguration section */
		EC2AE9492D0F6D8400312BE1 /* Debug */ = {
			isa = XCBuildConfiguration;
			buildSettings = {
				ALWAYS_SEARCH_USER_PATHS = NO;
				ASSETCATALOG_COMPILER_GENERATE_SWIFT_ASSET_SYMBOL_EXTENSIONS = YES;
				CLANG_ANALYZER_NONNULL = YES;
				CLANG_ANALYZER_NUMBER_OBJECT_CONVERSION = YES_AGGRESSIVE;
				CLANG_CXX_LANGUAGE_STANDARD = "gnu++20";
				CLANG_ENABLE_MODULES = YES;
				CLANG_ENABLE_OBJC_ARC = YES;
				CLANG_ENABLE_OBJC_WEAK = YES;
				CLANG_WARN_BLOCK_CAPTURE_AUTORELEASING = YES;
				CLANG_WARN_BOOL_CONVERSION = YES;
				CLANG_WARN_COMMA = YES;
				CLANG_WARN_CONSTANT_CONVERSION = YES;
				CLANG_WARN_DEPRECATED_OBJC_IMPLEMENTATIONS = YES;
				CLANG_WARN_DIRECT_OBJC_ISA_USAGE = YES_ERROR;
				CLANG_WARN_DOCUMENTATION_COMMENTS = YES;
				CLANG_WARN_EMPTY_BODY = YES;
				CLANG_WARN_ENUM_CONVERSION = YES;
				CLANG_WARN_INFINITE_RECURSION = YES;
				CLANG_WARN_INT_CONVERSION = YES;
				CLANG_WARN_NON_LITERAL_NULL_CONVERSION = YES;
				CLANG_WARN_OBJC_IMPLICIT_RETAIN_SELF = YES;
				CLANG_WARN_OBJC_LITERAL_CONVERSION = YES;
				CLANG_WARN_OBJC_ROOT_CLASS = YES_ERROR;
				CLANG_WARN_QUOTED_INCLUDE_IN_FRAMEWORK_HEADER = YES;
				CLANG_WARN_RANGE_LOOP_ANALYSIS = YES;
				CLANG_WARN_STRICT_PROTOTYPES = YES;
				CLANG_WARN_SUSPICIOUS_MOVE = YES;
				CLANG_WARN_UNGUARDED_AVAILABILITY = YES_AGGRESSIVE;
				CLANG_WARN_UNREACHABLE_CODE = YES;
				CLANG_WARN__DUPLICATE_METHOD_MATCH = YES;
				COPY_PHASE_STRIP = NO;
				DEBUG_INFORMATION_FORMAT = dwarf;
				ENABLE_STRICT_OBJC_MSGSEND = YES;
				ENABLE_TESTABILITY = YES;
				ENABLE_USER_SCRIPT_SANDBOXING = YES;
				GCC_C_LANGUAGE_STANDARD = gnu17;
				GCC_DYNAMIC_NO_PIC = NO;
				GCC_NO_COMMON_BLOCKS = YES;
				GCC_OPTIMIZATION_LEVEL = 0;
				GCC_PREPROCESSOR_DEFINITIONS = (
					"DEBUG=1",
					"$(inherited)",
				);
				GCC_WARN_64_TO_32_BIT_CONVERSION = YES;
				GCC_WARN_ABOUT_RETURN_TYPE = YES_ERROR;
				GCC_WARN_UNDECLARED_SELECTOR = YES;
				GCC_WARN_UNINITIALIZED_AUTOS = YES_AGGRESSIVE;
				GCC_WARN_UNUSED_FUNCTION = YES;
				GCC_WARN_UNUSED_VARIABLE = YES;
				IPHONEOS_DEPLOYMENT_TARGET = 17.5;
				LOCALIZATION_PREFERS_STRING_CATALOGS = YES;
				MTL_ENABLE_DEBUG_INFO = INCLUDE_SOURCE;
				MTL_FAST_MATH = YES;
				ONLY_ACTIVE_ARCH = YES;
				SDKROOT = iphoneos;
				SWIFT_ACTIVE_COMPILATION_CONDITIONS = "DEBUG $(inherited)";
				SWIFT_OPTIMIZATION_LEVEL = "-Onone";
			};
			name = Debug;
		};
		EC2AE94A2D0F6D8400312BE1 /* Release */ = {
			isa = XCBuildConfiguration;
			buildSettings = {
				ALWAYS_SEARCH_USER_PATHS = NO;
				ASSETCATALOG_COMPILER_GENERATE_SWIFT_ASSET_SYMBOL_EXTENSIONS = YES;
				CLANG_ANALYZER_NONNULL = YES;
				CLANG_ANALYZER_NUMBER_OBJECT_CONVERSION = YES_AGGRESSIVE;
				CLANG_CXX_LANGUAGE_STANDARD = "gnu++20";
				CLANG_ENABLE_MODULES = YES;
				CLANG_ENABLE_OBJC_ARC = YES;
				CLANG_ENABLE_OBJC_WEAK = YES;
				CLANG_WARN_BLOCK_CAPTURE_AUTORELEASING = YES;
				CLANG_WARN_BOOL_CONVERSION = YES;
				CLANG_WARN_COMMA = YES;
				CLANG_WARN_CONSTANT_CONVERSION = YES;
				CLANG_WARN_DEPRECATED_OBJC_IMPLEMENTATIONS = YES;
				CLANG_WARN_DIRECT_OBJC_ISA_USAGE = YES_ERROR;
				CLANG_WARN_DOCUMENTATION_COMMENTS = YES;
				CLANG_WARN_EMPTY_BODY = YES;
				CLANG_WARN_ENUM_CONVERSION = YES;
				CLANG_WARN_INFINITE_RECURSION = YES;
				CLANG_WARN_INT_CONVERSION = YES;
				CLANG_WARN_NON_LITERAL_NULL_CONVERSION = YES;
				CLANG_WARN_OBJC_IMPLICIT_RETAIN_SELF = YES;
				CLANG_WARN_OBJC_LITERAL_CONVERSION = YES;
				CLANG_WARN_OBJC_ROOT_CLASS = YES_ERROR;
				CLANG_WARN_QUOTED_INCLUDE_IN_FRAMEWORK_HEADER = YES;
				CLANG_WARN_RANGE_LOOP_ANALYSIS = YES;
				CLANG_WARN_STRICT_PROTOTYPES = YES;
				CLANG_WARN_SUSPICIOUS_MOVE = YES;
				CLANG_WARN_UNGUARDED_AVAILABILITY = YES_AGGRESSIVE;
				CLANG_WARN_UNREACHABLE_CODE = YES;
				CLANG_WARN__DUPLICATE_METHOD_MATCH = YES;
				COPY_PHASE_STRIP = NO;
				DEBUG_INFORMATION_FORMAT = "dwarf-with-dsym";
				ENABLE_NS_ASSERTIONS = NO;
				ENABLE_STRICT_OBJC_MSGSEND = YES;
				ENABLE_USER_SCRIPT_SANDBOXING = YES;
				GCC_C_LANGUAGE_STANDARD = gnu17;
				GCC_NO_COMMON_BLOCKS = YES;
				GCC_WARN_64_TO_32_BIT_CONVERSION = YES;
				GCC_WARN_ABOUT_RETURN_TYPE = YES_ERROR;
				GCC_WARN_UNDECLARED_SELECTOR = YES;
				GCC_WARN_UNINITIALIZED_AUTOS = YES_AGGRESSIVE;
				GCC_WARN_UNUSED_FUNCTION = YES;
				GCC_WARN_UNUSED_VARIABLE = YES;
				IPHONEOS_DEPLOYMENT_TARGET = 17.5;
				LOCALIZATION_PREFERS_STRING_CATALOGS = YES;
				MTL_ENABLE_DEBUG_INFO = NO;
				MTL_FAST_MATH = YES;
				SDKROOT = iphoneos;
				SWIFT_COMPILATION_MODE = wholemodule;
				VALIDATE_PRODUCT = YES;
			};
			name = Release;
		};
		EC2AE94C2D0F6D8400312BE1 /* Debug */ = {
			isa = XCBuildConfiguration;
			buildSettings = {
				ASSETCATALOG_COMPILER_APPICON_NAME = AppIcon;
				ASSETCATALOG_COMPILER_GLOBAL_ACCENT_COLOR_NAME = AccentColor;
				CODE_SIGN_STYLE = Automatic;
				CURRENT_PROJECT_VERSION = 1;
				DEVELOPMENT_ASSET_PATHS = "\"OnboardingFlow/Preview Content\"";
				DEVELOPMENT_TEAM = YP2X6UJXCN;
				ENABLE_PREVIEWS = YES;
				GENERATE_INFOPLIST_FILE = YES;
				INFOPLIST_KEY_UIApplicationSceneManifest_Generation = YES;
				INFOPLIST_KEY_UIApplicationSupportsIndirectInputEvents = YES;
				INFOPLIST_KEY_UILaunchScreen_Generation = YES;
				INFOPLIST_KEY_UISupportedInterfaceOrientations_iPad = "UIInterfaceOrientationPortrait UIInterfaceOrientationPortraitUpsideDown UIInterfaceOrientationLandscapeLeft UIInterfaceOrientationLandscapeRight";
				INFOPLIST_KEY_UISupportedInterfaceOrientations_iPhone = "UIInterfaceOrientationPortrait UIInterfaceOrientationLandscapeLeft UIInterfaceOrientationLandscapeRight";
				LD_RUNPATH_SEARCH_PATHS = (
					"$(inherited)",
					"@executable_path/Frameworks",
				);
				MARKETING_VERSION = 1.0;
				PRODUCT_BUNDLE_IDENTIFIER = com.melispeker.OnboardingFlow;
				PRODUCT_NAME = "$(TARGET_NAME)";
				SWIFT_EMIT_LOC_STRINGS = YES;
				SWIFT_VERSION = 5.0;
				TARGETED_DEVICE_FAMILY = "1,2";
			};
			name = Debug;
		};
		EC2AE94D2D0F6D8400312BE1 /* Release */ = {
			isa = XCBuildConfiguration;
			buildSettings = {
				ASSETCATALOG_COMPILER_APPICON_NAME = AppIcon;
				ASSETCATALOG_COMPILER_GLOBAL_ACCENT_COLOR_NAME = AccentColor;
				CODE_SIGN_STYLE = Automatic;
				CURRENT_PROJECT_VERSION = 1;
				DEVELOPMENT_ASSET_PATHS = "\"OnboardingFlow/Preview Content\"";
				DEVELOPMENT_TEAM = YP2X6UJXCN;
				ENABLE_PREVIEWS = YES;
				GENERATE_INFOPLIST_FILE = YES;
				INFOPLIST_KEY_UIApplicationSceneManifest_Generation = YES;
				INFOPLIST_KEY_UIApplicationSupportsIndirectInputEvents = YES;
				INFOPLIST_KEY_UILaunchScreen_Generation = YES;
				INFOPLIST_KEY_UISupportedInterfaceOrientations_iPad = "UIInterfaceOrientationPortrait UIInterfaceOrientationPortraitUpsideDown UIInterfaceOrientationLandscapeLeft UIInterfaceOrientationLandscapeRight";
				INFOPLIST_KEY_UISupportedInterfaceOrientations_iPhone = "UIInterfaceOrientationPortrait UIInterfaceOrientationLandscapeLeft UIInterfaceOrientationLandscapeRight";
				LD_RUNPATH_SEARCH_PATHS = (
					"$(inherited)",
					"@executable_path/Frameworks",
				);
				MARKETING_VERSION = 1.0;
				PRODUCT_BUNDLE_IDENTIFIER = com.melispeker.OnboardingFlow;
				PRODUCT_NAME = "$(TARGET_NAME)";
				SWIFT_EMIT_LOC_STRINGS = YES;
				SWIFT_VERSION = 5.0;
				TARGETED_DEVICE_FAMILY = "1,2";
			};
			name = Release;
		};
		EC2AE94F2D0F6D8400312BE1 /* Debug */ = {
			isa = XCBuildConfiguration;
			buildSettings = {
				ALWAYS_EMBED_SWIFT_STANDARD_LIBRARIES = YES;
				BUNDLE_LOADER = "$(TEST_HOST)";
				CODE_SIGN_STYLE = Automatic;
				CURRENT_PROJECT_VERSION = 1;
				DEVELOPMENT_TEAM = YP2X6UJXCN;
				GENERATE_INFOPLIST_FILE = YES;
				IPHONEOS_DEPLOYMENT_TARGET = 17.5;
				MARKETING_VERSION = 1.0;
				PRODUCT_BUNDLE_IDENTIFIER = com.melispeker.OnboardingFlowTests;
				PRODUCT_NAME = "$(TARGET_NAME)";
				SWIFT_EMIT_LOC_STRINGS = NO;
				SWIFT_VERSION = 5.0;
				TARGETED_DEVICE_FAMILY = "1,2";
				TEST_HOST = "$(BUILT_PRODUCTS_DIR)/OnboardingFlow.app/$(BUNDLE_EXECUTABLE_FOLDER_PATH)/OnboardingFlow";
			};
			name = Debug;
		};
		EC2AE9502D0F6D8400312BE1 /* Release */ = {
			isa = XCBuildConfiguration;
			buildSettings = {
				ALWAYS_EMBED_SWIFT_STANDARD_LIBRARIES = YES;
				BUNDLE_LOADER = "$(TEST_HOST)";
				CODE_SIGN_STYLE = Automatic;
				CURRENT_PROJECT_VERSION = 1;
				DEVELOPMENT_TEAM = YP2X6UJXCN;
				GENERATE_INFOPLIST_FILE = YES;
				IPHONEOS_DEPLOYMENT_TARGET = 17.5;
				MARKETING_VERSION = 1.0;
				PRODUCT_BUNDLE_IDENTIFIER = com.melispeker.OnboardingFlowTests;
				PRODUCT_NAME = "$(TARGET_NAME)";
				SWIFT_EMIT_LOC_STRINGS = NO;
				SWIFT_VERSION = 5.0;
				TARGETED_DEVICE_FAMILY = "1,2";
				TEST_HOST = "$(BUILT_PRODUCTS_DIR)/OnboardingFlow.app/$(BUNDLE_EXECUTABLE_FOLDER_PATH)/OnboardingFlow";
			};
			name = Release;
		};
		EC2AE9522D0F6D8400312BE1 /* Debug */ = {
			isa = XCBuildConfiguration;
			buildSettings = {
				ALWAYS_EMBED_SWIFT_STANDARD_LIBRARIES = YES;
				CODE_SIGN_STYLE = Automatic;
				CURRENT_PROJECT_VERSION = 1;
				DEVELOPMENT_TEAM = YP2X6UJXCN;
				GENERATE_INFOPLIST_FILE = YES;
				MARKETING_VERSION = 1.0;
				PRODUCT_BUNDLE_IDENTIFIER = com.melispeker.OnboardingFlowUITests;
				PRODUCT_NAME = "$(TARGET_NAME)";
				SWIFT_EMIT_LOC_STRINGS = NO;
				SWIFT_VERSION = 5.0;
				TARGETED_DEVICE_FAMILY = "1,2";
				TEST_TARGET_NAME = OnboardingFlow;
			};
			name = Debug;
		};
		EC2AE9532D0F6D8400312BE1 /* Release */ = {
			isa = XCBuildConfiguration;
			buildSettings = {
				ALWAYS_EMBED_SWIFT_STANDARD_LIBRARIES = YES;
				CODE_SIGN_STYLE = Automatic;
				CURRENT_PROJECT_VERSION = 1;
				DEVELOPMENT_TEAM = YP2X6UJXCN;
				GENERATE_INFOPLIST_FILE = YES;
				MARKETING_VERSION = 1.0;
				PRODUCT_BUNDLE_IDENTIFIER = com.melispeker.OnboardingFlowUITests;
				PRODUCT_NAME = "$(TARGET_NAME)";
				SWIFT_EMIT_LOC_STRINGS = NO;
				SWIFT_VERSION = 5.0;
				TARGETED_DEVICE_FAMILY = "1,2";
				TEST_TARGET_NAME = OnboardingFlow;
			};
			name = Release;
		};
/* End XCBuildConfiguration section */

/* Begin XCConfigurationList section */
		EC2AE9222D0F6D8200312BE1 /* Build configuration list for PBXProject "OnboardingFlow" */ = {
			isa = XCConfigurationList;
			buildConfigurations = (
				EC2AE9492D0F6D8400312BE1 /* Debug */,
				EC2AE94A2D0F6D8400312BE1 /* Release */,
			);
			defaultConfigurationIsVisible = 0;
			defaultConfigurationName = Release;
		};
		EC2AE94B2D0F6D8400312BE1 /* Build configuration list for PBXNativeTarget "OnboardingFlow" */ = {
			isa = XCConfigurationList;
			buildConfigurations = (
				EC2AE94C2D0F6D8400312BE1 /* Debug */,
				EC2AE94D2D0F6D8400312BE1 /* Release */,
			);
			defaultConfigurationIsVisible = 0;
			defaultConfigurationName = Release;
		};
		EC2AE94E2D0F6D8400312BE1 /* Build configuration list for PBXNativeTarget "OnboardingFlowTests" */ = {
			isa = XCConfigurationList;
			buildConfigurations = (
				EC2AE94F2D0F6D8400312BE1 /* Debug */,
				EC2AE9502D0F6D8400312BE1 /* Release */,
			);
			defaultConfigurationIsVisible = 0;
			defaultConfigurationName = Release;
		};
		EC2AE9512D0F6D8400312BE1 /* Build configuration list for PBXNativeTarget "OnboardingFlowUITests" */ = {
			isa = XCConfigurationList;
			buildConfigurations = (
				EC2AE9522D0F6D8400312BE1 /* Debug */,
				EC2AE9532D0F6D8400312BE1 /* Release */,
			);
			defaultConfigurationIsVisible = 0;
			defaultConfigurationName = Release;
		};
/* End XCConfigurationList section */
	};
	rootObject = EC2AE91F2D0F6D8200312BE1 /* Project object */;
}
